
Microsoft Visual Studio Solution File, Format Version 12.00
# Visual Studio Version 17
VisualStudioVersion = 17.5.33530.505
MinimumVisualStudioVersion = 10.0.40219.1
Project("{FAE04EC0-301F-11D3-BF4B-00C04F79EFBC}") = "OnlineOrganizationManagementSystem", "OnlineOrganizationManagementSystem\OnlineOrganizationManagementSystem.csproj", "{7AB76D59-F861-45CB-8231-CF9FAF50BBC4}"
EndProject
Global
	GlobalSection(SolutionConfigurationPlatforms) = preSolution
		Debug|Any CPU = Debug|Any CPU
		Release|Any CPU = Release|Any CPU
	EndGlobalSection
	GlobalSection(ProjectConfigurationPlatforms) = postSolution
		{7AB76D59-F861-45CB-8231-CF9FAF50BBC4}.Debug|Any CPU.ActiveCfg = Debug|Any CPU
		{7AB76D59-F861-45CB-8231-CF9FAF50BBC4}.Debug|Any CPU.Build.0 = Debug|Any CPU
		{7AB76D59-F861-45CB-8231-CF9FAF50BBC4}.Release|Any CPU.ActiveCfg = Release|Any CPU
		{7AB76D59-F861-45CB-8231-CF9FAF50BBC4}.Release|Any CPU.Build.0 = Release|Any CPU
	EndGlobalSection
	GlobalSection(SolutionProperties) = preSolution
		HideSolutionNode = FALSE
	EndGlobalSection
	GlobalSection(ExtensibilityGlobals) = postSolution
		SolutionGuid = {BA7E18A1-40E2-4430-99E4-BBEC2561220E}
	EndGlobalSection
EndGlobal
